<?xml version="1.0"?>
<CONFIG>
  <ProjectOptions>
    <PathDelim Value="\"/>
    <Version Value="7"/>
    <General>
      <MainUnit Value="0"/>
      <TargetFileExt Value=".exe"/>
      <Icon Value="0"/>
      <UseXPManifest Value="True"/>
      <ActiveEditorIndexAtStart Value="0"/>
    </General>
    <VersionInfo>
      <ProjectVersion Value=""/>
    </VersionInfo>
    <PublishOptions>
      <Version Value="2"/>
      <IgnoreBinaries Value="False"/>
      <IncludeFileFilter Value="*.(pas|pp|inc|lfm|lpr|lrs|lpi|lpk|sh|xml)"/>
      <ExcludeFileFilter Value="*.(bak|ppu|ppw|o|so);*~;backup"/>
    </PublishOptions>
    <RunParams>
      <local>
        <FormatVersion Value="1"/>
        <LaunchingApplication PathPlusParams="/usr/X11R6/bin/xterm -T 'Lazarus Run Output' -e $(LazarusDir)/tools/runwait.sh $(TargetCmdLine)"/>
      </local>
    </RunParams>
    <RequiredPackages Count="1">
      <Item1>
        <PackageName Value="LCL"/>
      </Item1>
    </RequiredPackages>
    <Units Count="2">
      <Unit0>
        <Filename Value="mod3.lpr"/>
        <IsPartOfProject Value="True"/>
        <UnitName Value="mod3"/>
        <UsageCount Value="20"/>
      </Unit0>
      <Unit1>
        <Filename Value="mainform.pas"/>
        <ComponentName Value="Form1"/>
        <IsPartOfProject Value="True"/>
        <ResourceBaseClass Value="Form"/>
        <UnitName Value="MainForm"/>
        <CursorPos X="32" Y="38"/>
        <TopLine Value="19"/>
        <EditorIndex Value="0"/>
        <UsageCount Value="20"/>
        <Loaded Value="True"/>
      </Unit1>
    </Units>
    <JumpHistory Count="9" HistoryIndex="8">
      <Position1>
        <Filename Value="mainform.pas"/>
        <Caret Line="24" Column="19" TopLine="1"/>
      </Position1>
      <Position2>
        <Filename Value="mainform.pas"/>
        <Caret Line="15" Column="3" TopLine="1"/>
      </Position2>
      <Position3>
        <Filename Value="mainform.pas"/>
        <Caret Line="16" Column="22" TopLine="1"/>
      </Position3>
      <Position4>
        <Filename Value="mainform.pas"/>
        <Caret Line="17" Column="22" TopLine="1"/>
      </Position4>
      <Position5>
        <Filename Value="mainform.pas"/>
        <Caret Line="18" Column="22" TopLine="1"/>
      </Position5>
      <Position6>
        <Filename Value="mainform.pas"/>
        <Caret Line="19" Column="22" TopLine="1"/>
      </Position6>
      <Position7>
        <Filename Value="mainform.pas"/>
        <Caret Line="22" Column="44" TopLine="14"/>
      </Position7>
      <Position8>
        <Filename Value="mainform.pas"/>
        <Caret Line="35" Column="1" TopLine="14"/>
      </Position8>
      <Position9>
        <Filename Value="mainform.pas"/>
        <Caret Line="22" Column="45" TopLine="14"/>
      </Position9>
    </JumpHistory>
  </ProjectOptions>
  <CompilerOptions>
    <Version Value="8"/>
    <PathDelim Value="\"/>
    <Target>
      <Filename Value="..\mod3.exe"/>
    </Target>
    <SearchPaths>
      <IncludeFiles Value="$(ProjOutDir)\"/>
      <UnitOutputDirectory Value="..\output"/>
    </SearchPaths>
    <Parsing>
      <SyntaxOptions>
        <CStyleOperator Value="False"/>
      </SyntaxOptions>
    </Parsing>
    <Linking>
      <Options>
        <Win32>
          <GraphicApplication Value="True"/>
        </Win32>
      </Options>
    </Linking>
    <Other>
      <CompilerPath Value="$(CompPath)"/>
    </Other>
  </CompilerOptions>
  <Debugging>
    <Exceptions Count="3">
      <Item1>
        <Name Value="EAbort"/>
      </Item1>
      <Item2>
        <Name Value="ECodetoolError"/>
      </Item2>
      <Item3>
        <Name Value="EFOpenError"/>
      </Item3>
    </Exceptions>
  </Debugging>
</CONFIG>
